
Microsoft Visual Studio Solution File, Format Version 12.00
Project("{FAE04EC0-301F-11D3-BF4B-00C04F79EFBC}") = "GoogleApiSwashbuckle", "GoogleApiSwashbuckle.csproj", "{C2715DCA-7A7C-4665-80A7-B7D21D230F1D}"
EndProject
Global
	GlobalSection(SolutionConfigurationPlatforms) = preSolution
		Debug|Any CPU = Debug|Any CPU
		Release|Any CPU = Release|Any CPU
	EndGlobalSection
	GlobalSection(ProjectConfigurationPlatforms) = postSolution
		{C2715DCA-7A7C-4665-80A7-B7D21D230F1D}.Debug|Any CPU.ActiveCfg = Debug|Any CPU
		{C2715DCA-7A7C-4665-80A7-B7D21D230F1D}.Debug|Any CPU.Build.0 = Debug|Any CPU
		{C2715DCA-7A7C-4665-80A7-B7D21D230F1D}.Release|Any CPU.ActiveCfg = Release|Any CPU
		{C2715DCA-7A7C-4665-80A7-B7D21D230F1D}.Release|Any CPU.Build.0 = Release|Any CPU
	EndGlobalSection
EndGlobal
